// !$*UTF8*$!
{
	archiveVersion = 1;
	classes = {
	};
	objectVersion = 46;
	objects = {

/* Begin PBXBuildFile section */
		409811BE20D9C02B00532258 /* Extensions.swift in Sources */ = {isa = PBXBuildFile; fileRef = 409811BD20D9C02B00532258 /* Extensions.swift */; };
		409811C020DACE4B00532258 /* AddEventViewController.swift in Sources */ = {isa = PBXBuildFile; fileRef = 409811BF20DACE4B00532258 /* AddEventViewController.swift */; };
		7353EA4520432C510050865A /* EventCoordinator.swift in Sources */ = {isa = PBXBuildFile; fileRef = 7353EA4420432C510050865A /* EventCoordinator.swift */; };
		7353EA4720432CB40050865A /* TimelineHandler.swift in Sources */ = {isa = PBXBuildFile; fileRef = 7353EA4620432CB40050865A /* TimelineHandler.swift */; };
		7353EA49204384DD0050865A /* RootController.swift in Sources */ = {isa = PBXBuildFile; fileRef = 7353EA48204384DD0050865A /* RootController.swift */; };
		73947E7220421DDD00906C79 /* EventCell.swift in Sources */ = {isa = PBXBuildFile; fileRef = 73947E7120421DDD00906C79 /* EventCell.swift */; };
		73947E7520427FF300906C79 /* GameFinderViewController.swift in Sources */ = {isa = PBXBuildFile; fileRef = 73947E7420427FF300906C79 /* GameFinderViewController.swift */; };
		739AA8B51ED211EA00090CCA /* GoogleService-Info.plist in Resources */ = {isa = PBXBuildFile; fileRef = 739AA8B41ED211EA00090CCA /* GoogleService-Info.plist */; };
		73B4AB682041CD34009F4260 /* HistoryViewController.swift in Sources */ = {isa = PBXBuildFile; fileRef = 73B4AB672041CD34009F4260 /* HistoryViewController.swift */; };
		73E1CB531DF7C4CC002FD444 /* AppDelegate.swift in Sources */ = {isa = PBXBuildFile; fileRef = 73E1CB521DF7C4CC002FD444 /* AppDelegate.swift */; };
		73E1CB551DF7C4CC002FD444 /* DiceViewController.swift in Sources */ = {isa = PBXBuildFile; fileRef = 73E1CB541DF7C4CC002FD444 /* DiceViewController.swift */; };
		73E1CB581DF7C4CC002FD444 /* Main.storyboard in Resources */ = {isa = PBXBuildFile; fileRef = 73E1CB561DF7C4CC002FD444 /* Main.storyboard */; };
		73E1CB5A1DF7C4CC002FD444 /* Assets.xcassets in Resources */ = {isa = PBXBuildFile; fileRef = 73E1CB591DF7C4CC002FD444 /* Assets.xcassets */; };
		73E1CB5D1DF7C4CC002FD444 /* LaunchScreen.storyboard in Resources */ = {isa = PBXBuildFile; fileRef = 73E1CB5B1DF7C4CC002FD444 /* LaunchScreen.storyboard */; };
		C774BB6861786A668273F204 /* Pods_DiceRoller.framework in Frameworks */ = {isa = PBXBuildFile; fileRef = BB7009849DB7F5978B3AB6A2 /* Pods_DiceRoller.framework */; };
/* End PBXBuildFile section */

/* Begin PBXFileReference section */
		1239DA3BF841E2579D59621C /* Pods-DiceRoller.debug.xcconfig */ = {isa = PBXFileReference; includeInIndex = 1; lastKnownFileType = text.xcconfig; name = "Pods-DiceRoller.debug.xcconfig"; path = "Pods/Target Support Files/Pods-DiceRoller/Pods-DiceRoller.debug.xcconfig"; sourceTree = "<group>"; };
		409811BD20D9C02B00532258 /* Extensions.swift */ = {isa = PBXFileReference; lastKnownFileType = sourcecode.swift; path = Extensions.swift; sourceTree = "<group>"; };
		409811BF20DACE4B00532258 /* AddEventViewController.swift */ = {isa = PBXFileReference; lastKnownFileType = sourcecode.swift; path = AddEventViewController.swift; sourceTree = "<group>"; };
		7353EA4420432C510050865A /* EventCoordinator.swift */ = {isa = PBXFileReference; lastKnownFileType = sourcecode.swift; path = EventCoordinator.swift; sourceTree = "<group>"; };
		7353EA4620432CB40050865A /* TimelineHandler.swift */ = {isa = PBXFileReference; lastKnownFileType = sourcecode.swift; path = TimelineHandler.swift; sourceTree = "<group>"; };
		7353EA48204384DD0050865A /* RootController.swift */ = {isa = PBXFileReference; lastKnownFileType = sourcecode.swift; path = RootController.swift; sourceTree = "<group>"; };
		73947E7120421DDD00906C79 /* EventCell.swift */ = {isa = PBXFileReference; lastKnownFileType = sourcecode.swift; path = EventCell.swift; sourceTree = "<group>"; };
		73947E7420427FF300906C79 /* GameFinderViewController.swift */ = {isa = PBXFileReference; lastKnownFileType = sourcecode.swift; path = GameFinderViewController.swift; sourceTree = "<group>"; };
		739AA8B41ED211EA00090CCA /* GoogleService-Info.plist */ = {isa = PBXFileReference; fileEncoding = 4; lastKnownFileType = text.plist.xml; path = "GoogleService-Info.plist"; sourceTree = "<group>"; };
		73B4AB672041CD34009F4260 /* HistoryViewController.swift */ = {isa = PBXFileReference; lastKnownFileType = sourcecode.swift; path = HistoryViewController.swift; sourceTree = "<group>"; };
		73E1CB4F1DF7C4CC002FD444 /* DiceRoller.app */ = {isa = PBXFileReference; explicitFileType = wrapper.application; includeInIndex = 0; path = DiceRoller.app; sourceTree = BUILT_PRODUCTS_DIR; };
		73E1CB521DF7C4CC002FD444 /* AppDelegate.swift */ = {isa = PBXFileReference; lastKnownFileType = sourcecode.swift; path = AppDelegate.swift; sourceTree = "<group>"; };
		73E1CB541DF7C4CC002FD444 /* DiceViewController.swift */ = {isa = PBXFileReference; lastKnownFileType = sourcecode.swift; path = DiceViewController.swift; sourceTree = "<group>"; };
		73E1CB571DF7C4CC002FD444 /* Base */ = {isa = PBXFileReference; lastKnownFileType = file.storyboard; name = Base; path = Base.lproj/Main.storyboard; sourceTree = "<group>"; };
		73E1CB591DF7C4CC002FD444 /* Assets.xcassets */ = {isa = PBXFileReference; lastKnownFileType = folder.assetcatalog; path = Assets.xcassets; sourceTree = "<group>"; };
		73E1CB5C1DF7C4CC002FD444 /* Base */ = {isa = PBXFileReference; lastKnownFileType = file.storyboard; name = Base; path = Base.lproj/LaunchScreen.storyboard; sourceTree = "<group>"; };
		73E1CB5E1DF7C4CC002FD444 /* Info.plist */ = {isa = PBXFileReference; lastKnownFileType = text.plist.xml; path = Info.plist; sourceTree = "<group>"; };
		823BFADAD3B9351955B3261C /* Pods-DiceRoller.release.xcconfig */ = {isa = PBXFileReference; includeInIndex = 1; lastKnownFileType = text.xcconfig; name = "Pods-DiceRoller.release.xcconfig"; path = "Pods/Target Support Files/Pods-DiceRoller/Pods-DiceRoller.release.xcconfig"; sourceTree = "<group>"; };
		BB7009849DB7F5978B3AB6A2 /* Pods_DiceRoller.framework */ = {isa = PBXFileReference; explicitFileType = wrapper.framework; includeInIndex = 0; path = Pods_DiceRoller.framework; sourceTree = BUILT_PRODUCTS_DIR; };
/* End PBXFileReference section */

/* Begin PBXFrameworksBuildPhase section */
		73E1CB4C1DF7C4CC002FD444 /* Frameworks */ = {
			isa = PBXFrameworksBuildPhase;
			buildActionMask = 2147483647;
			files = (
				C774BB6861786A668273F204 /* Pods_DiceRoller.framework in Frameworks */,
			);
			runOnlyForDeploymentPostprocessing = 0;
		};
/* End PBXFrameworksBuildPhase section */

/* Begin PBXGroup section */
		404846133E9A917E70C935A3 /* Frameworks */ = {
			isa = PBXGroup;
			children = (
				BB7009849DB7F5978B3AB6A2 /* Pods_DiceRoller.framework */,
			);
			name = Frameworks;
			sourceTree = "<group>";
		};
		73947E6F2041CEF900906C79 /* ViewControllers */ = {
			isa = PBXGroup;
			children = (
				73E1CB541DF7C4CC002FD444 /* DiceViewController.swift */,
				73B4AB672041CD34009F4260 /* HistoryViewController.swift */,
				73947E7420427FF300906C79 /* GameFinderViewController.swift */,
				7353EA48204384DD0050865A /* RootController.swift */,
				409811BF20DACE4B00532258 /* AddEventViewController.swift */,
			);
			path = ViewControllers;
			sourceTree = "<group>";
		};
		73947E702041CF0B00906C79 /* Handlers */ = {
			isa = PBXGroup;
			children = (
				7353EA4420432C510050865A /* EventCoordinator.swift */,
				7353EA4620432CB40050865A /* TimelineHandler.swift */,
			);
			path = Handlers;
			sourceTree = "<group>";
		};
		73947E7320421DE500906C79 /* Views */ = {
			isa = PBXGroup;
			children = (
				73947E7120421DDD00906C79 /* EventCell.swift */,
			);
			path = Views;
			sourceTree = "<group>";
		};
		73E1CB461DF7C4CC002FD444 = {
			isa = PBXGroup;
			children = (
				73E1CB511DF7C4CC002FD444 /* DiceRoller */,
				73E1CB501DF7C4CC002FD444 /* Products */,
				C567BFC0AE8B5946FB3A1C0B /* Pods */,
				404846133E9A917E70C935A3 /* Frameworks */,
			);
			sourceTree = "<group>";
		};
		73E1CB501DF7C4CC002FD444 /* Products */ = {
			isa = PBXGroup;
			children = (
				73E1CB4F1DF7C4CC002FD444 /* DiceRoller.app */,
			);
			name = Products;
			sourceTree = "<group>";
		};
		73E1CB511DF7C4CC002FD444 /* DiceRoller */ = {
			isa = PBXGroup;
			children = (
				73947E7320421DE500906C79 /* Views */,
				73947E702041CF0B00906C79 /* Handlers */,
				73947E6F2041CEF900906C79 /* ViewControllers */,
				73E1CB521DF7C4CC002FD444 /* AppDelegate.swift */,
				73E1CB561DF7C4CC002FD444 /* Main.storyboard */,
				73E1CB591DF7C4CC002FD444 /* Assets.xcassets */,
				73E1CB5B1DF7C4CC002FD444 /* LaunchScreen.storyboard */,
				73E1CB5E1DF7C4CC002FD444 /* Info.plist */,
				739AA8B41ED211EA00090CCA /* GoogleService-Info.plist */,
				409811BD20D9C02B00532258 /* Extensions.swift */,
			);
			path = DiceRoller;
			sourceTree = "<group>";
		};
		C567BFC0AE8B5946FB3A1C0B /* Pods */ = {
			isa = PBXGroup;
			children = (
				1239DA3BF841E2579D59621C /* Pods-DiceRoller.debug.xcconfig */,
				823BFADAD3B9351955B3261C /* Pods-DiceRoller.release.xcconfig */,
			);
			name = Pods;
			sourceTree = "<group>";
		};
/* End PBXGroup section */

/* Begin PBXNativeTarget section */
		73E1CB4E1DF7C4CC002FD444 /* DiceRoller */ = {
			isa = PBXNativeTarget;
			buildConfigurationList = 73E1CB611DF7C4CC002FD444 /* Build configuration list for PBXNativeTarget "DiceRoller" */;
			buildPhases = (
				400C8D29D0CC849B9DDDBDF6 /* [CP] Check Pods Manifest.lock */,
				73E1CB4B1DF7C4CC002FD444 /* Sources */,
				73E1CB4C1DF7C4CC002FD444 /* Frameworks */,
				73E1CB4D1DF7C4CC002FD444 /* Resources */,
				30657EB675C47533529F65BC /* [CP] Embed Pods Frameworks */,
			);
			buildRules = (
			);
			dependencies = (
			);
			name = DiceRoller;
			productName = DiceRoller;
			productReference = 73E1CB4F1DF7C4CC002FD444 /* DiceRoller.app */;
			productType = "com.apple.product-type.application";
		};
/* End PBXNativeTarget section */

/* Begin PBXProject section */
		73E1CB471DF7C4CC002FD444 /* Project object */ = {
			isa = PBXProject;
			attributes = {
				LastSwiftUpdateCheck = 0810;
				LastUpgradeCheck = 0940;
				ORGANIZATIONNAME = Herrington;
				TargetAttributes = {
					73E1CB4E1DF7C4CC002FD444 = {
						CreatedOnToolsVersion = 8.1;
						DevelopmentTeam = 574WJ7QENW;
						ProvisioningStyle = Automatic;
					};
				};
			};
			buildConfigurationList = 73E1CB4A1DF7C4CC002FD444 /* Build configuration list for PBXProject "DiceRoller" */;
			compatibilityVersion = "Xcode 3.2";
			developmentRegion = English;
			hasScannedForEncodings = 0;
			knownRegions = (
				en,
				Base,
			);
			mainGroup = 73E1CB461DF7C4CC002FD444;
			productRefGroup = 73E1CB501DF7C4CC002FD444 /* Products */;
			projectDirPath = "";
			projectRoot = "";
			targets = (
				73E1CB4E1DF7C4CC002FD444 /* DiceRoller */,
			);
		};
/* End PBXProject section */

/* Begin PBXResourcesBuildPhase section */
		73E1CB4D1DF7C4CC002FD444 /* Resources */ = {
			isa = PBXResourcesBuildPhase;
			buildActionMask = 2147483647;
			files = (
				739AA8B51ED211EA00090CCA /* GoogleService-Info.plist in Resources */,
				73E1CB5D1DF7C4CC002FD444 /* LaunchScreen.storyboard in Resources */,
				73E1CB5A1DF7C4CC002FD444 /* Assets.xcassets in Resources */,
				73E1CB581DF7C4CC002FD444 /* Main.storyboard in Resources */,
			);
			runOnlyForDeploymentPostprocessing = 0;
		};
/* End PBXResourcesBuildPhase section */

/* Begin PBXShellScriptBuildPhase section */
		30657EB675C47533529F65BC /* [CP] Embed Pods Frameworks */ = {
			isa = PBXShellScriptBuildPhase;
			buildActionMask = 2147483647;
			files = (
			);
			inputPaths = (
				"${SRCROOT}/Pods/Target Support Files/Pods-DiceRoller/Pods-DiceRoller-frameworks.sh",
				"${BUILT_PRODUCTS_DIR}/GoogleToolboxForMac/GoogleToolboxForMac.framework",
				"${BUILT_PRODUCTS_DIR}/SnapKit/SnapKit.framework",
			);
			name = "[CP] Embed Pods Frameworks";
			outputPaths = (
				"${TARGET_BUILD_DIR}/${FRAMEWORKS_FOLDER_PATH}/GoogleToolboxForMac.framework",
				"${TARGET_BUILD_DIR}/${FRAMEWORKS_FOLDER_PATH}/SnapKit.framework",
			);
			runOnlyForDeploymentPostprocessing = 0;
			shellPath = /bin/sh;
			shellScript = "\"${SRCROOT}/Pods/Target Support Files/Pods-DiceRoller/Pods-DiceRoller-frameworks.sh\"\n";
			showEnvVarsInLog = 0;
		};
		400C8D29D0CC849B9DDDBDF6 /* [CP] Check Pods Manifest.lock */ = {
			isa = PBXShellScriptBuildPhase;
			buildActionMask = 2147483647;
			files = (
			);
			inputPaths = (
				"${PODS_PODFILE_DIR_PATH}/Podfile.lock",
				"${PODS_ROOT}/Manifest.lock",
			);
			name = "[CP] Check Pods Manifest.lock";
			outputPaths = (
				"$(DERIVED_FILE_DIR)/Pods-DiceRoller-checkManifestLockResult.txt",
			);
			runOnlyForDeploymentPostprocessing = 0;
			shellPath = /bin/sh;
			shellScript = "diff \"${PODS_PODFILE_DIR_PATH}/Podfile.lock\" \"${PODS_ROOT}/Manifest.lock\" > /dev/null\nif [ $? != 0 ] ; then\n    # print error to STDERR\n    echo \"error: The sandbox is not in sync with the Podfile.lock. Run 'pod install' or update your CocoaPods installation.\" >&2\n    exit 1\nfi\n# This output is used by Xcode 'outputs' to avoid re-running this script phase.\necho \"SUCCESS\" > \"${SCRIPT_OUTPUT_FILE_0}\"\n";
			showEnvVarsInLog = 0;
		};
/* End PBXShellScriptBuildPhase section */

/* Begin PBXSourcesBuildPhase section */
		73E1CB4B1DF7C4CC002FD444 /* Sources */ = {
			isa = PBXSourcesBuildPhase;
			buildActionMask = 2147483647;
			files = (
				73947E7220421DDD00906C79 /* EventCell.swift in Sources */,
				409811C020DACE4B00532258 /* AddEventViewController.swift in Sources */,
				409811BE20D9C02B00532258 /* Extensions.swift in Sources */,
				73B4AB682041CD34009F4260 /* HistoryViewController.swift in Sources */,
				7353EA4720432CB40050865A /* TimelineHandler.swift in Sources */,
				73E1CB551DF7C4CC002FD444 /* DiceViewController.swift in Sources */,
				7353EA4520432C510050865A /* EventCoordinator.swift in Sources */,
				73E1CB531DF7C4CC002FD444 /* AppDelegate.swift in Sources */,
				73947E7520427FF300906C79 /* GameFinderViewController.swift in Sources */,
				7353EA49204384DD0050865A /* RootController.swift in Sources */,
			);
			runOnlyForDeploymentPostprocessing = 0;
		};
/* End PBXSourcesBuildPhase section */

/* Begin PBXVariantGroup section */
		73E1CB561DF7C4CC002FD444 /* Main.storyboard */ = {
			isa = PBXVariantGroup;
			children = (
				73E1CB571DF7C4CC002FD444 /* Base */,
			);
			name = Main.storyboard;
			sourceTree = "<group>";
		};
		73E1CB5B1DF7C4CC002FD444 /* LaunchScreen.storyboard */ = {
			isa = PBXVariantGroup;
			children = (
				73E1CB5C1DF7C4CC002FD444 /* Base */,
			);
			name = LaunchScreen.storyboard;
			sourceTree = "<group>";
		};
/* End PBXVariantGroup section */

/* Begin XCBuildConfiguration section */
		73E1CB5F1DF7C4CC002FD444 /* Debug */ = {
			isa = XCBuildConfiguration;
			buildSettings = {
				ALWAYS_SEARCH_USER_PATHS = NO;
				CLANG_ANALYZER_NONNULL = YES;
				CLANG_CXX_LANGUAGE_STANDARD = "gnu++0x";
				CLANG_CXX_LIBRARY = "libc++";
				CLANG_ENABLE_MODULES = YES;
				CLANG_ENABLE_OBJC_ARC = YES;
				CLANG_WARN_BLOCK_CAPTURE_AUTORELEASING = YES;
				CLANG_WARN_BOOL_CONVERSION = YES;
				CLANG_WARN_COMMA = YES;
				CLANG_WARN_CONSTANT_CONVERSION = YES;
				CLANG_WARN_DEPRECATED_OBJC_IMPLEMENTATIONS = YES;
				CLANG_WARN_DIRECT_OBJC_ISA_USAGE = YES_ERROR;
				CLANG_WARN_DOCUMENTATION_COMMENTS = YES;
				CLANG_WARN_EMPTY_BODY = YES;
				CLANG_WARN_ENUM_CONVERSION = YES;
				CLANG_WARN_INFINITE_RECURSION = YES;
				CLANG_WARN_INT_CONVERSION = YES;
				CLANG_WARN_NON_LITERAL_NULL_CONVERSION = YES;
				CLANG_WARN_OBJC_IMPLICIT_RETAIN_SELF = YES;
				CLANG_WARN_OBJC_LITERAL_CONVERSION = YES;
				CLANG_WARN_OBJC_ROOT_CLASS = YES_ERROR;
				CLANG_WARN_RANGE_LOOP_ANALYSIS = YES;
				CLANG_WARN_STRICT_PROTOTYPES = YES;
				CLANG_WARN_SUSPICIOUS_MOVE = YES;
				CLANG_WARN_SUSPICIOUS_MOVES = YES;
				CLANG_WARN_UNREACHABLE_CODE = YES;
				CLANG_WARN__DUPLICATE_METHOD_MATCH = YES;
				"CODE_SIGN_IDENTITY[sdk=iphoneos*]" = "iPhone Developer";
				COPY_PHASE_STRIP = NO;
				DEBUG_INFORMATION_FORMAT = dwarf;
				ENABLE_STRICT_OBJC_MSGSEND = YES;
				ENABLE_TESTABILITY = YES;
				GCC_C_LANGUAGE_STANDARD = gnu99;
				GCC_DYNAMIC_NO_PIC = NO;
				GCC_NO_COMMON_BLOCKS = YES;
				GCC_OPTIMIZATION_LEVEL = 0;
				GCC_PREPROCESSOR_DEFINITIONS = (
					"DEBUG=1",
					"$(inherited)",
				);
				GCC_WARN_64_TO_32_BIT_CONVERSION = YES;
				GCC_WARN_ABOUT_RETURN_TYPE = YES_ERROR;
				GCC_WARN_UNDECLARED_SELECTOR = YES;
				GCC_WARN_UNINITIALIZED_AUTOS = YES_AGGRESSIVE;
				GCC_WARN_UNUSED_FUNCTION = YES;
				GCC_WARN_UNUSED_VARIABLE = YES;
				IPHONEOS_DEPLOYMENT_TARGET = 10.1;
				MTL_ENABLE_DEBUG_INFO = YES;
				ONLY_ACTIVE_ARCH = YES;
				SDKROOT = iphoneos;
				SWIFT_ACTIVE_COMPILATION_CONDITIONS = DEBUG;
				SWIFT_OPTIMIZATION_LEVEL = "-Onone";
			};
			name = Debug;
		};
		73E1CB601DF7C4CC002FD444 /* Release */ = {
			isa = XCBuildConfiguration;
			buildSettings = {
				ALWAYS_SEARCH_USER_PATHS = NO;
				CLANG_ANALYZER_NONNULL = YES;
				CLANG_CXX_LANGUAGE_STANDARD = "gnu++0x";
				CLANG_CXX_LIBRARY = "libc++";
				CLANG_ENABLE_MODULES = YES;
				CLANG_ENABLE_OBJC_ARC = YES;
				CLANG_WARN_BLOCK_CAPTURE_AUTORELEASING = YES;
				CLANG_WARN_BOOL_CONVERSION = YES;
				CLANG_WARN_COMMA = YES;
				CLANG_WARN_CONSTANT_CONVERSION = YES;
				CLANG_WARN_DEPRECATED_OBJC_IMPLEMENTATIONS = YES;
				CLANG_WARN_DIRECT_OBJC_ISA_USAGE = YES_ERROR;
				CLANG_WARN_DOCUMENTATION_COMMENTS = YES;
				CLANG_WARN_EMPTY_BODY = YES;
				CLANG_WARN_ENUM_CONVERSION = YES;
				CLANG_WARN_INFINITE_RECURSION = YES;
				CLANG_WARN_INT_CONVERSION = YES;
				CLANG_WARN_NON_LITERAL_NULL_CONVERSION = YES;
				CLANG_WARN_OBJC_IMPLICIT_RETAIN_SELF = YES;
				CLANG_WARN_OBJC_LITERAL_CONVERSION = YES;
				CLANG_WARN_OBJC_ROOT_CLASS = YES_ERROR;
				CLANG_WARN_RANGE_LOOP_ANALYSIS = YES;
				CLANG_WARN_STRICT_PROTOTYPES = YES;
				CLANG_WARN_SUSPICIOUS_MOVE = YES;
				CLANG_WARN_SUSPICIOUS_MOVES = YES;
				CLANG_WARN_UNREACHABLE_CODE = YES;
				CLANG_WARN__DUPLICATE_METHOD_MATCH = YES;
				"CODE_SIGN_IDENTITY[sdk=iphoneos*]" = "iPhone Developer";
				COPY_PHASE_STRIP = NO;
				DEBUG_INFORMATION_FORMAT = "dwarf-with-dsym";
				ENABLE_NS_ASSERTIONS = NO;
				ENABLE_STRICT_OBJC_MSGSEND = YES;
				GCC_C_LANGUAGE_STANDARD = gnu99;
				GCC_NO_COMMON_BLOCKS = YES;
				GCC_WARN_64_TO_32_BIT_CONVERSION = YES;
				GCC_WARN_ABOUT_RETURN_TYPE = YES_ERROR;
				GCC_WARN_UNDECLARED_SELECTOR = YES;
				GCC_WARN_UNINITIALIZED_AUTOS = YES_AGGRESSIVE;
				GCC_WARN_UNUSED_FUNCTION = YES;
				GCC_WARN_UNUSED_VARIABLE = YES;
				IPHONEOS_DEPLOYMENT_TARGET = 10.1;
				MTL_ENABLE_DEBUG_INFO = NO;
				SDKROOT = iphoneos;
				SWIFT_OPTIMIZATION_LEVEL = "-Owholemodule";
				VALIDATE_PRODUCT = YES;
			};
			name = Release;
		};
		73E1CB621DF7C4CC002FD444 /* Debug */ = {
			isa = XCBuildConfiguration;
			baseConfigurationReference = 1239DA3BF841E2579D59621C /* Pods-DiceRoller.debug.xcconfig */;
			buildSettings = {
				ASSETCATALOG_COMPILER_APPICON_NAME = AppIcon;
				DEVELOPMENT_TEAM = 574WJ7QENW;
				INFOPLIST_FILE = DiceRoller/Info.plist;
				IPHONEOS_DEPLOYMENT_TARGET = 11.3;
				LD_RUNPATH_SEARCH_PATHS = "$(inherited) @executable_path/Frameworks";
				PRODUCT_BUNDLE_IDENTIFIER = com.herrington.DiceRoller;
				PRODUCT_NAME = "$(TARGET_NAME)";
				SWIFT_VERSION = 4.0;
			};
			name = Debug;
		};
		73E1CB631DF7C4CC002FD444 /* Release */ = {
			isa = XCBuildConfiguration;
			baseConfigurationReference = 823BFADAD3B9351955B3261C /* Pods-DiceRoller.release.xcconfig */;
			buildSettings = {
				ASSETCATALOG_COMPILER_APPICON_NAME = AppIcon;
				DEVELOPMENT_TEAM = 574WJ7QENW;
				INFOPLIST_FILE = DiceRoller/Info.plist;
				IPHONEOS_DEPLOYMENT_TARGET = 11.3;
				LD_RUNPATH_SEARCH_PATHS = "$(inherited) @executable_path/Frameworks";
				PRODUCT_BUNDLE_IDENTIFIER = com.herrington.DiceRoller;
				PRODUCT_NAME = "$(TARGET_NAME)";
				SWIFT_VERSION = 4.0;
			};
			name = Release;
		};
/* End XCBuildConfiguration section */

/* Begin XCConfigurationList section */
		73E1CB4A1DF7C4CC002FD444 /* Build configuration list for PBXProject "DiceRoller" */ = {
			isa = XCConfigurationList;
			buildConfigurations = (
				73E1CB5F1DF7C4CC002FD444 /* Debug */,
				73E1CB601DF7C4CC002FD444 /* Release */,
			);
			defaultConfigurationIsVisible = 0;
			defaultConfigurationName = Release;
		};
		73E1CB611DF7C4CC002FD444 /* Build configuration list for PBXNativeTarget "DiceRoller" */ = {
			isa = XCConfigurationList;
			buildConfigurations = (
				73E1CB621DF7C4CC002FD444 /* Debug */,
				73E1CB631DF7C4CC002FD444 /* Release */,
			);
			defaultConfigurationIsVisible = 0;
			defaultConfigurationName = Release;
		};
/* End XCConfigurationList section */
	};
	rootObject = 73E1CB471DF7C4CC002FD444 /* Project object */;
}
